
Microsoft Visual Studio Solution File, Format Version 12.00
# Visual Studio Version 17
VisualStudioVersion = 17.8.34316.72
MinimumVisualStudioVersion = 10.0.40219.1
Project("{9A19103F-16F7-4668-BE54-9A1E7A4F7556}") = "taur-bot-api", "taur-bot-api\taur-bot-api.csproj", "{E4746330-2E8C-443B-A9D5-23F6CFCE7535}"
EndProject
Project("{2150E333-8FDC-42A3-9474-1A3956D46DE8}") = "Solution Items", "Solution Items", "{609B219A-31B7-4447-948C-E4A2B2DB5BE5}"
	ProjectSection(SolutionItems) = preProject
		docker-compose.yml = docker-compose.yml
	EndProjectSection
EndProject
Project("{9A19103F-16F7-4668-BE54-9A1E7A4F7556}") = "taur-bot", "taur-bot\taur-bot.csproj", "{388FEF10-1645-4095-ABF1-73BACDA59EA8}"
EndProject
Global
	GlobalSection(SolutionConfigurationPlatforms) = preSolution
		Debug|Any CPU = Debug|Any CPU
		Release|Any CPU = Release|Any CPU
	EndGlobalSection
	GlobalSection(ProjectConfigurationPlatforms) = postSolution
		{E4746330-2E8C-443B-A9D5-23F6CFCE7535}.Debug|Any CPU.ActiveCfg = Debug|Any CPU
		{E4746330-2E8C-443B-A9D5-23F6CFCE7535}.Debug|Any CPU.Build.0 = Debug|Any CPU
		{E4746330-2E8C-443B-A9D5-23F6CFCE7535}.Release|Any CPU.ActiveCfg = Release|Any CPU
		{E4746330-2E8C-443B-A9D5-23F6CFCE7535}.Release|Any CPU.Build.0 = Release|Any CPU
		{388FEF10-1645-4095-ABF1-73BACDA59EA8}.Debug|Any CPU.ActiveCfg = Debug|Any CPU
		{388FEF10-1645-4095-ABF1-73BACDA59EA8}.Debug|Any CPU.Build.0 = Debug|Any CPU
		{388FEF10-1645-4095-ABF1-73BACDA59EA8}.Release|Any CPU.ActiveCfg = Release|Any CPU
		{388FEF10-1645-4095-ABF1-73BACDA59EA8}.Release|Any CPU.Build.0 = Release|Any CPU
	EndGlobalSection
	GlobalSection(SolutionProperties) = preSolution
		HideSolutionNode = FALSE
	EndGlobalSection
	GlobalSection(ExtensibilityGlobals) = postSolution
		SolutionGuid = {ADDE4B50-E5B1-456A-9721-E819BCEAB8B3}
	EndGlobalSection
EndGlobal
